
Microsoft Visual Studio Solution File, Format Version 12.00
# Visual Studio Version 16
VisualStudioVersion = 16.0.30104.148
MinimumVisualStudioVersion = 10.0.40219.1
Project("{FAE04EC0-301F-11D3-BF4B-00C04F79EFBC}") = "Pedenko_UnitTest_Homework", "Pedenko_UnitTest_Homework.csproj", "{473B3B30-06E3-4F1C-AE31-6B9531BD1241}"
EndProject
Global
	GlobalSection(SolutionConfigurationPlatforms) = preSolution
		Debug|Any CPU = Debug|Any CPU
		Release|Any CPU = Release|Any CPU
	EndGlobalSection
	GlobalSection(ProjectConfigurationPlatforms) = postSolution
		{473B3B30-06E3-4F1C-AE31-6B9531BD1241}.Debug|Any CPU.ActiveCfg = Debug|Any CPU
		{473B3B30-06E3-4F1C-AE31-6B9531BD1241}.Debug|Any CPU.Build.0 = Debug|Any CPU
		{473B3B30-06E3-4F1C-AE31-6B9531BD1241}.Release|Any CPU.ActiveCfg = Release|Any CPU
		{473B3B30-06E3-4F1C-AE31-6B9531BD1241}.Release|Any CPU.Build.0 = Release|Any CPU
	EndGlobalSection
	GlobalSection(SolutionProperties) = preSolution
		HideSolutionNode = FALSE
	EndGlobalSection
	GlobalSection(ExtensibilityGlobals) = postSolution
		SolutionGuid = {7B98E7D4-A011-4DAC-801B-F9661366B466}
	EndGlobalSection
EndGlobal
